
Microsoft Visual Studio Solution File, Format Version 12.00
# Visual Studio Version 16
VisualStudioVersion = 16.0.32002.261
MinimumVisualStudioVersion = 10.0.40219.1
Project("{FAE04EC0-301F-11D3-BF4B-00C04F79EFBC}") = "Wos_Wpf_Project", "Wos_Wpf_Project\Wos_Wpf_Project.csproj", "{00C95706-CE72-473C-BD3F-5010BFDF50D3}"
EndProject
Global
	GlobalSection(SolutionConfigurationPlatforms) = preSolution
		Debug|Any CPU = Debug|Any CPU
		Release|Any CPU = Release|Any CPU
	EndGlobalSection
	GlobalSection(ProjectConfigurationPlatforms) = postSolution
		{00C95706-CE72-473C-BD3F-5010BFDF50D3}.Debug|Any CPU.ActiveCfg = Debug|Any CPU
		{00C95706-CE72-473C-BD3F-5010BFDF50D3}.Debug|Any CPU.Build.0 = Debug|Any CPU
		{00C95706-CE72-473C-BD3F-5010BFDF50D3}.Release|Any CPU.ActiveCfg = Release|Any CPU
		{00C95706-CE72-473C-BD3F-5010BFDF50D3}.Release|Any CPU.Build.0 = Release|Any CPU
	EndGlobalSection
	GlobalSection(SolutionProperties) = preSolution
		HideSolutionNode = FALSE
	EndGlobalSection
	GlobalSection(ExtensibilityGlobals) = postSolution
		SolutionGuid = {452D624B-F580-48CD-BAB0-EF60FF0CB34D}
	EndGlobalSection
EndGlobal
